
Microsoft Visual Studio Solution File, Format Version 12.00
# Visual Studio Version 17
VisualStudioVersion = 17.0.32126.317
MinimumVisualStudioVersion = 10.0.40219.1
Project("{FAE04EC0-301F-11D3-BF4B-00C04F79EFBC}") = "DongThamChieu", "DongThamChieu\DongThamChieu.csproj", "{8FCC7894-0EC8-4B78-A461-18D9924E48A4}"
EndProject
Global
	GlobalSection(SolutionConfigurationPlatforms) = preSolution
		Debug|Any CPU = Debug|Any CPU
		Release|Any CPU = Release|Any CPU
	EndGlobalSection
	GlobalSection(ProjectConfigurationPlatforms) = postSolution
		{8FCC7894-0EC8-4B78-A461-18D9924E48A4}.Debug|Any CPU.ActiveCfg = Debug|Any CPU
		{8FCC7894-0EC8-4B78-A461-18D9924E48A4}.Debug|Any CPU.Build.0 = Debug|Any CPU
		{8FCC7894-0EC8-4B78-A461-18D9924E48A4}.Release|Any CPU.ActiveCfg = Release|Any CPU
		{8FCC7894-0EC8-4B78-A461-18D9924E48A4}.Release|Any CPU.Build.0 = Release|Any CPU
	EndGlobalSection
	GlobalSection(SolutionProperties) = preSolution
		HideSolutionNode = FALSE
	EndGlobalSection
	GlobalSection(ExtensibilityGlobals) = postSolution
		SolutionGuid = {F323D356-392E-46FA-AEEB-89A7B17822E3}
	EndGlobalSection
EndGlobal
